dependencies:
- name: elasticsearch
  repository: https://kubernetes-charts-incubator.storage.googleapis.com
  version: 1.3.0
- name: memcached
  repository: https://kubernetes-charts.storage.googleapis.com/
  version: 2.2.0
- name: postgresql
  repository: https://kubernetes-charts.storage.googleapis.com/
  version: 0.15.0
digest: sha256:dc31a24dd92dbc6a7dc6ef8ad9c6ea86596ba4a8c61d7c3ed7705e4e3f5ceb04
generated: 2018-07-22T12:26:02.61009162+02:00
